
Microsoft Visual Studio Solution File, Format Version 12.00
# Visual Studio Version 17
VisualStudioVersion = 17.14.36518.9 d17.14
MinimumVisualStudioVersion = 10.0.40219.1
Project("{FAE04EC0-301F-11D3-BF4B-00C04F79EFBC}") = "TaskManager.API", "TaskManager.API\TaskManager.API.csproj", "{95349E7D-F04D-45A0-9989-3AF0081FB782}"
EndProject
Project("{FAE04EC0-301F-11D3-BF4B-00C04F79EFBC}") = "TaskManager.Domain", "TaskManager.Domain\TaskManager.Domain.csproj", "{AF813846-162D-4318-8152-32C115FBB591}"
EndProject
Global
	GlobalSection(SolutionConfigurationPlatforms) = preSolution
		Debug|Any CPU = Debug|Any CPU
		Release|Any CPU = Release|Any CPU
	EndGlobalSection
	GlobalSection(ProjectConfigurationPlatforms) = postSolution
		{95349E7D-F04D-45A0-9989-3AF0081FB782}.Debug|Any CPU.ActiveCfg = Debug|Any CPU
		{95349E7D-F04D-45A0-9989-3AF0081FB782}.Debug|Any CPU.Build.0 = Debug|Any CPU
		{95349E7D-F04D-45A0-9989-3AF0081FB782}.Release|Any CPU.ActiveCfg = Release|Any CPU
		{95349E7D-F04D-45A0-9989-3AF0081FB782}.Release|Any CPU.Build.0 = Release|Any CPU
		{AF813846-162D-4318-8152-32C115FBB591}.Debug|Any CPU.ActiveCfg = Debug|Any CPU
		{AF813846-162D-4318-8152-32C115FBB591}.Debug|Any CPU.Build.0 = Debug|Any CPU
		{AF813846-162D-4318-8152-32C115FBB591}.Release|Any CPU.ActiveCfg = Release|Any CPU
		{AF813846-162D-4318-8152-32C115FBB591}.Release|Any CPU.Build.0 = Release|Any CPU
	EndGlobalSection
	GlobalSection(SolutionProperties) = preSolution
		HideSolutionNode = FALSE
	EndGlobalSection
	GlobalSection(ExtensibilityGlobals) = postSolution
		SolutionGuid = {B9096A5A-50F1-410B-8A13-9C28BBE02EAE}
	EndGlobalSection
EndGlobal
